
Microsoft Visual Studio Solution File, Format Version 12.00
# Visual Studio Version 17
VisualStudioVersion = 17.5.33530.505
MinimumVisualStudioVersion = 10.0.40219.1
Project("{FAE04EC0-301F-11D3-BF4B-00C04F79EFBC}") = "SQLManipulation", "SQLManipulation\SQLManipulation.csproj", "{D6F58E0F-7922-48B8-8306-250EF802A868}"
EndProject
Global
	GlobalSection(SolutionConfigurationPlatforms) = preSolution
		Debug|Any CPU = Debug|Any CPU
		Release|Any CPU = Release|Any CPU
	EndGlobalSection
	GlobalSection(ProjectConfigurationPlatforms) = postSolution
		{D6F58E0F-7922-48B8-8306-250EF802A868}.Debug|Any CPU.ActiveCfg = Debug|Any CPU
		{D6F58E0F-7922-48B8-8306-250EF802A868}.Debug|Any CPU.Build.0 = Debug|Any CPU
		{D6F58E0F-7922-48B8-8306-250EF802A868}.Release|Any CPU.ActiveCfg = Release|Any CPU
		{D6F58E0F-7922-48B8-8306-250EF802A868}.Release|Any CPU.Build.0 = Release|Any CPU
	EndGlobalSection
	GlobalSection(SolutionProperties) = preSolution
		HideSolutionNode = FALSE
	EndGlobalSection
	GlobalSection(ExtensibilityGlobals) = postSolution
		SolutionGuid = {984B28D3-4548-42E3-9EFF-543A7DB2141C}
	EndGlobalSection
EndGlobal
